
Microsoft Visual Studio Solution File, Format Version 12.00
# Visual Studio Version 17
VisualStudioVersion = 17.14.36408.4
MinimumVisualStudioVersion = 10.0.40219.1
Project("{FAE04EC0-301F-11D3-BF4B-00C04F79EFBC}") = "FacturacionAPI", "FacturacionAPI.csproj", "{31A2E8CA-4C12-4BBF-AD66-F734CCBD5D57}"
EndProject
Project("{FAE04EC0-301F-11D3-BF4B-00C04F79EFBC}") = "FacturacionAPILibreria", "D:\Viusal Studio\Forms\FacturacionAPILibreria\FacturacionAPILibreria.csproj", "{1B5B6578-1ABE-BEA6-B2C4-E504EE1E6EA2}"
EndProject
Global
	GlobalSection(SolutionConfigurationPlatforms) = preSolution
		Debug|Any CPU = Debug|Any CPU
		Release|Any CPU = Release|Any CPU
	EndGlobalSection
	GlobalSection(ProjectConfigurationPlatforms) = postSolution
		{31A2E8CA-4C12-4BBF-AD66-F734CCBD5D57}.Debug|Any CPU.ActiveCfg = Debug|Any CPU
		{31A2E8CA-4C12-4BBF-AD66-F734CCBD5D57}.Debug|Any CPU.Build.0 = Debug|Any CPU
		{31A2E8CA-4C12-4BBF-AD66-F734CCBD5D57}.Release|Any CPU.ActiveCfg = Release|Any CPU
		{31A2E8CA-4C12-4BBF-AD66-F734CCBD5D57}.Release|Any CPU.Build.0 = Release|Any CPU
		{1B5B6578-1ABE-BEA6-B2C4-E504EE1E6EA2}.Debug|Any CPU.ActiveCfg = Debug|Any CPU
		{1B5B6578-1ABE-BEA6-B2C4-E504EE1E6EA2}.Debug|Any CPU.Build.0 = Debug|Any CPU
		{1B5B6578-1ABE-BEA6-B2C4-E504EE1E6EA2}.Release|Any CPU.ActiveCfg = Release|Any CPU
		{1B5B6578-1ABE-BEA6-B2C4-E504EE1E6EA2}.Release|Any CPU.Build.0 = Release|Any CPU
	EndGlobalSection
	GlobalSection(SolutionProperties) = preSolution
		HideSolutionNode = FALSE
	EndGlobalSection
	GlobalSection(ExtensibilityGlobals) = postSolution
		SolutionGuid = {11ED123A-E21F-41A1-B8EF-B5938FF4A1B3}
	EndGlobalSection
EndGlobal
